
Microsoft Visual Studio Solution File, Format Version 12.00
# Visual Studio Version 17
VisualStudioVersion = 17.14.36401.2 d17.14
MinimumVisualStudioVersion = 10.0.40219.1
Project("{FAE04EC0-301F-11D3-BF4B-00C04F79EFBC}") = "Dispositivos", "Dispositivos\Dispositivos.csproj", "{55EC2F96-194E-4693-B84D-959AEA61BDD5}"
EndProject
Global
	GlobalSection(SolutionConfigurationPlatforms) = preSolution
		Debug|Any CPU = Debug|Any CPU
		Release|Any CPU = Release|Any CPU
	EndGlobalSection
	GlobalSection(ProjectConfigurationPlatforms) = postSolution
		{55EC2F96-194E-4693-B84D-959AEA61BDD5}.Debug|Any CPU.ActiveCfg = Debug|Any CPU
		{55EC2F96-194E-4693-B84D-959AEA61BDD5}.Debug|Any CPU.Build.0 = Debug|Any CPU
		{55EC2F96-194E-4693-B84D-959AEA61BDD5}.Release|Any CPU.ActiveCfg = Release|Any CPU
		{55EC2F96-194E-4693-B84D-959AEA61BDD5}.Release|Any CPU.Build.0 = Release|Any CPU
	EndGlobalSection
	GlobalSection(SolutionProperties) = preSolution
		HideSolutionNode = FALSE
	EndGlobalSection
	GlobalSection(ExtensibilityGlobals) = postSolution
		SolutionGuid = {495C87CA-DB83-4189-BF1E-78BCAA65C4BD}
	EndGlobalSection
EndGlobal
